// !$*UTF8*$!
{
	archiveVersion = 1;
	classes = {
	};
	objectVersion = 77;
	objects = {

/* Begin PBXBuildFile section */
		172A2006D718A2047E7C269F /* Pods_TodaysCommitTests.framework in Frameworks */ = {isa = PBXBuildFile; fileRef = 04D22C9DC0DB13B3EBE498F3 /* Pods_TodaysCommitTests.framework */; };
		1735D40B2E38F3D5008D2406 /* KakaoSDKAuth in Frameworks */ = {isa = PBXBuildFile; productRef = 1735D40A2E38F3D5008D2406 /* KakaoSDKAuth */; };
		1735D40D2E38F3D5008D2406 /* KakaoSDKCommon in Frameworks */ = {isa = PBXBuildFile; productRef = 1735D40C2E38F3D5008D2406 /* KakaoSDKCommon */; };
		1735D40F2E38F3D5008D2406 /* KakaoSDKUser in Frameworks */ = {isa = PBXBuildFile; productRef = 1735D40E2E38F3D5008D2406 /* KakaoSDKUser */; };
		1F6A168D9978C8B4372FFBD8 /* Pods_TodaysCommit.framework in Frameworks */ = {isa = PBXBuildFile; fileRef = C77F7055994185AE4DCF39CA /* Pods_TodaysCommit.framework */; };
		CEBDE82D450180F0BE0D0920 /* Pods_TodaysCommit_TodaysCommitUITests.framework in Frameworks */ = {isa = PBXBuildFile; fileRef = 14B053A76EFC18361B3CBA81 /* Pods_TodaysCommit_TodaysCommitUITests.framework */; };
/* End PBXBuildFile section */

/* Begin PBXContainerItemProxy section */
		17762F712E30A958003F2E53 /* PBXContainerItemProxy */ = {
			isa = PBXContainerItemProxy;
			containerPortal = 17762F572E30A957003F2E53 /* Project object */;
			proxyType = 1;
			remoteGlobalIDString = 17762F5E2E30A957003F2E53;
			remoteInfo = TodaysCommit;
		};
		17762F7B2E30A958003F2E53 /* PBXContainerItemProxy */ = {
			isa = PBXContainerItemProxy;
			containerPortal = 17762F572E30A957003F2E53 /* Project object */;
			proxyType = 1;
			remoteGlobalIDString = 17762F5E2E30A957003F2E53;
			remoteInfo = TodaysCommit;
		};
/* End PBXContainerItemProxy section */

/* Begin PBXFileReference section */
		04D22C9DC0DB13B3EBE498F3 /* Pods_TodaysCommitTests.framework */ = {isa = PBXFileReference; explicitFileType = wrapper.framework; includeInIndex = 0; path = Pods_TodaysCommitTests.framework; sourceTree = BUILT_PRODUCTS_DIR; };
		14B053A76EFC18361B3CBA81 /* Pods_TodaysCommit_TodaysCommitUITests.framework */ = {isa = PBXFileReference; explicitFileType = wrapper.framework; includeInIndex = 0; path = Pods_TodaysCommit_TodaysCommitUITests.framework; sourceTree = BUILT_PRODUCTS_DIR; };
		17762F5F2E30A957003F2E53 /* TodaysCommit.app */ = {isa = PBXFileReference; explicitFileType = wrapper.application; includeInIndex = 0; path = TodaysCommit.app; sourceTree = BUILT_PRODUCTS_DIR; };
		17762F702E30A958003F2E53 /* TodaysCommitTests.xctest */ = {isa = PBXFileReference; explicitFileType = wrapper.cfbundle; includeInIndex = 0; path = TodaysCommitTests.xctest; sourceTree = BUILT_PRODUCTS_DIR; };
		17762F7A2E30A958003F2E53 /* TodaysCommitUITests.xctest */ = {isa = PBXFileReference; explicitFileType = wrapper.cfbundle; includeInIndex = 0; path = TodaysCommitUITests.xctest; sourceTree = BUILT_PRODUCTS_DIR; };
		4277464459C88ACBC723A504 /* Pods-TodaysCommitTests.release.xcconfig */ = {isa = PBXFileReference; includeInIndex = 1; lastKnownFileType = text.xcconfig; name = "Pods-TodaysCommitTests.release.xcconfig"; path = "Target Support Files/Pods-TodaysCommitTests/Pods-TodaysCommitTests.release.xcconfig"; sourceTree = "<group>"; };
		46F5C3D9C116DD3109E55710 /* Pods-TodaysCommit.release.xcconfig */ = {isa = PBXFileReference; includeInIndex = 1; lastKnownFileType = text.xcconfig; name = "Pods-TodaysCommit.release.xcconfig"; path = "Target Support Files/Pods-TodaysCommit/Pods-TodaysCommit.release.xcconfig"; sourceTree = "<group>"; };
		636D00F4998B5AE9E243961E /* Pods-TodaysCommit-TodaysCommitUITests.release.xcconfig */ = {isa = PBXFileReference; includeInIndex = 1; lastKnownFileType = text.xcconfig; name = "Pods-TodaysCommit-TodaysCommitUITests.release.xcconfig"; path = "Target Support Files/Pods-TodaysCommit-TodaysCommitUITests/Pods-TodaysCommit-TodaysCommitUITests.release.xcconfig"; sourceTree = "<group>"; };
		97FA70D8BE89981813056FDD /* Pods-TodaysCommitTests.debug.xcconfig */ = {isa = PBXFileReference; includeInIndex = 1; lastKnownFileType = text.xcconfig; name = "Pods-TodaysCommitTests.debug.xcconfig"; path = "Target Support Files/Pods-TodaysCommitTests/Pods-TodaysCommitTests.debug.xcconfig"; sourceTree = "<group>"; };
		B0E4533E94CA6DB9FCBAB884 /* Pods-TodaysCommit-TodaysCommitUITests.debug.xcconfig */ = {isa = PBXFileReference; includeInIndex = 1; lastKnownFileType = text.xcconfig; name = "Pods-TodaysCommit-TodaysCommitUITests.debug.xcconfig"; path = "Target Support Files/Pods-TodaysCommit-TodaysCommitUITests/Pods-TodaysCommit-TodaysCommitUITests.debug.xcconfig"; sourceTree = "<group>"; };
		C77F7055994185AE4DCF39CA /* Pods_TodaysCommit.framework */ = {isa = PBXFileReference; explicitFileType = wrapper.framework; includeInIndex = 0; path = Pods_TodaysCommit.framework; sourceTree = BUILT_PRODUCTS_DIR; };
		E6A4767EC4A7F754909AD069 /* Pods-TodaysCommit.debug.xcconfig */ = {isa = PBXFileReference; includeInIndex = 1; lastKnownFileType = text.xcconfig; name = "Pods-TodaysCommit.debug.xcconfig"; path = "Target Support Files/Pods-TodaysCommit/Pods-TodaysCommit.debug.xcconfig"; sourceTree = "<group>"; };
/* End PBXFileReference section */

/* Begin PBXFileSystemSynchronizedBuildFileExceptionSet section */
		175D7BF62E30F6D2001A9116 /* Exceptions for "TodaysCommit" folder in "TodaysCommit" target */ = {
			isa = PBXFileSystemSynchronizedBuildFileExceptionSet;
			membershipExceptions = (
				info.plist,
			);
			target = 17762F5E2E30A957003F2E53 /* TodaysCommit */;
		};
/* End PBXFileSystemSynchronizedBuildFileExceptionSet section */

/* Begin PBXFileSystemSynchronizedRootGroup section */
		17762F612E30A957003F2E53 /* TodaysCommit */ = {
			isa = PBXFileSystemSynchronizedRootGroup;
			exceptions = (
				175D7BF62E30F6D2001A9116 /* Exceptions for "TodaysCommit" folder in "TodaysCommit" target */,
			);
			path = TodaysCommit;
			sourceTree = "<group>";
		};
		17762F732E30A958003F2E53 /* TodaysCommitTests */ = {
			isa = PBXFileSystemSynchronizedRootGroup;
			path = TodaysCommitTests;
			sourceTree = "<group>";
		};
		17762F7D2E30A958003F2E53 /* TodaysCommitUITests */ = {
			isa = PBXFileSystemSynchronizedRootGroup;
			path = TodaysCommitUITests;
			sourceTree = "<group>";
		};
/* End PBXFileSystemSynchronizedRootGroup section */

/* Begin PBXFrameworksBuildPhase section */
		17762F5C2E30A957003F2E53 /* Frameworks */ = {
			isa = PBXFrameworksBuildPhase;
			buildActionMask = 2147483647;
			files = (
				1735D40F2E38F3D5008D2406 /* KakaoSDKUser in Frameworks */,
				1F6A168D9978C8B4372FFBD8 /* Pods_TodaysCommit.framework in Frameworks */,
				1735D40D2E38F3D5008D2406 /* KakaoSDKCommon in Frameworks */,
				1735D40B2E38F3D5008D2406 /* KakaoSDKAuth in Frameworks */,
			);
			runOnlyForDeploymentPostprocessing = 0;
		};
		17762F6D2E30A958003F2E53 /* Frameworks */ = {
			isa = PBXFrameworksBuildPhase;
			buildActionMask = 2147483647;
			files = (
				172A2006D718A2047E7C269F /* Pods_TodaysCommitTests.framework in Frameworks */,
			);
			runOnlyForDeploymentPostprocessing = 0;
		};
		17762F772E30A958003F2E53 /* Frameworks */ = {
			isa = PBXFrameworksBuildPhase;
			buildActionMask = 2147483647;
			files = (
				CEBDE82D450180F0BE0D0920 /* Pods_TodaysCommit_TodaysCommitUITests.framework in Frameworks */,
			);
			runOnlyForDeploymentPostprocessing = 0;
		};
/* End PBXFrameworksBuildPhase section */

/* Begin PBXGroup section */
		0314539DB289AE48D0179953 /* Frameworks */ = {
			isa = PBXGroup;
			children = (
				C77F7055994185AE4DCF39CA /* Pods_TodaysCommit.framework */,
				14B053A76EFC18361B3CBA81 /* Pods_TodaysCommit_TodaysCommitUITests.framework */,
				04D22C9DC0DB13B3EBE498F3 /* Pods_TodaysCommitTests.framework */,
			);
			name = Frameworks;
			sourceTree = "<group>";
		};
		17762F562E30A957003F2E53 = {
			isa = PBXGroup;
			children = (
				17762F612E30A957003F2E53 /* TodaysCommit */,
				17762F732E30A958003F2E53 /* TodaysCommitTests */,
				17762F7D2E30A958003F2E53 /* TodaysCommitUITests */,
				17762F602E30A957003F2E53 /* Products */,
				88102B77826636BD09F58B34 /* Pods */,
				0314539DB289AE48D0179953 /* Frameworks */,
			);
			sourceTree = "<group>";
		};
		17762F602E30A957003F2E53 /* Products */ = {
			isa = PBXGroup;
			children = (
				17762F5F2E30A957003F2E53 /* TodaysCommit.app */,
				17762F702E30A958003F2E53 /* TodaysCommitTests.xctest */,
				17762F7A2E30A958003F2E53 /* TodaysCommitUITests.xctest */,
			);
			name = Products;
			sourceTree = "<group>";
		};
		88102B77826636BD09F58B34 /* Pods */ = {
			isa = PBXGroup;
			children = (
				E6A4767EC4A7F754909AD069 /* Pods-TodaysCommit.debug.xcconfig */,
				46F5C3D9C116DD3109E55710 /* Pods-TodaysCommit.release.xcconfig */,
				B0E4533E94CA6DB9FCBAB884 /* Pods-TodaysCommit-TodaysCommitUITests.debug.xcconfig */,
				636D00F4998B5AE9E243961E /* Pods-TodaysCommit-TodaysCommitUITests.release.xcconfig */,
				97FA70D8BE89981813056FDD /* Pods-TodaysCommitTests.debug.xcconfig */,
				4277464459C88ACBC723A504 /* Pods-TodaysCommitTests.release.xcconfig */,
			);
			path = Pods;
			sourceTree = "<group>";
		};
/* End PBXGroup section */

/* Begin PBXNativeTarget section */
		17762F5E2E30A957003F2E53 /* TodaysCommit */ = {
			isa = PBXNativeTarget;
			buildConfigurationList = 17762F842E30A959003F2E53 /* Build configuration list for PBXNativeTarget "TodaysCommit" */;
			buildPhases = (
				9B5D916BEBD88299AFB746D5 /* [CP] Check Pods Manifest.lock */,
				179E7F4B2E30AEDD0006D6DE /* SwiftFromat */,
				179E7F4A2E30AE3A0006D6DE /* SwiftLint */,
				17762F5B2E30A957003F2E53 /* Sources */,
				17762F5C2E30A957003F2E53 /* Frameworks */,
				17762F5D2E30A957003F2E53 /* Resources */,
				40C2278EA9C8BB9CD44A76B0 /* [CP] Embed Pods Frameworks */,
				2279331D1F3893708D09F348 /* [CP] Copy Pods Resources */,
			);
			buildRules = (
			);
			dependencies = (
			);
			fileSystemSynchronizedGroups = (
				17762F612E30A957003F2E53 /* TodaysCommit */,
			);
			name = TodaysCommit;
			productName = TodaysCommit;
			productReference = 17762F5F2E30A957003F2E53 /* TodaysCommit.app */;
			productType = "com.apple.product-type.application";
		};
		17762F6F2E30A958003F2E53 /* TodaysCommitTests */ = {
			isa = PBXNativeTarget;
			buildConfigurationList = 17762F872E30A959003F2E53 /* Build configuration list for PBXNativeTarget "TodaysCommitTests" */;
			buildPhases = (
				FCDB4DA61CDC2E28150D3B07 /* [CP] Check Pods Manifest.lock */,
				17762F6C2E30A958003F2E53 /* Sources */,
				17762F6D2E30A958003F2E53 /* Frameworks */,
				17762F6E2E30A958003F2E53 /* Resources */,
			);
			buildRules = (
			);
			dependencies = (
				17762F722E30A958003F2E53 /* PBXTargetDependency */,
			);
			fileSystemSynchronizedGroups = (
				17762F732E30A958003F2E53 /* TodaysCommitTests */,
			);
			name = TodaysCommitTests;
			productName = TodaysCommitTests;
			productReference = 17762F702E30A958003F2E53 /* TodaysCommitTests.xctest */;
			productType = "com.apple.product-type.bundle.unit-test";
		};
		17762F792E30A958003F2E53 /* TodaysCommitUITests */ = {
			isa = PBXNativeTarget;
			buildConfigurationList = 17762F8A2E30A959003F2E53 /* Build configuration list for PBXNativeTarget "TodaysCommitUITests" */;
			buildPhases = (
				3EF75DE1DAD6B9E4ABB4101F /* [CP] Check Pods Manifest.lock */,
				17762F762E30A958003F2E53 /* Sources */,
				17762F772E30A958003F2E53 /* Frameworks */,
				17762F782E30A958003F2E53 /* Resources */,
				4D0F23B8CF45DE2D05AAB3B3 /* [CP] Embed Pods Frameworks */,
				EFBC8198A2DD069E1DA13702 /* [CP] Copy Pods Resources */,
			);
			buildRules = (
			);
			dependencies = (
				17762F7C2E30A958003F2E53 /* PBXTargetDependency */,
			);
			fileSystemSynchronizedGroups = (
				17762F7D2E30A958003F2E53 /* TodaysCommitUITests */,
			);
			name = TodaysCommitUITests;
			productName = TodaysCommitUITests;
			productReference = 17762F7A2E30A958003F2E53 /* TodaysCommitUITests.xctest */;
			productType = "com.apple.product-type.bundle.ui-testing";
		};
/* End PBXNativeTarget section */

/* Begin PBXProject section */
		17762F572E30A957003F2E53 /* Project object */ = {
			isa = PBXProject;
			attributes = {
				BuildIndependentTargetsInParallel = 1;
				LastSwiftUpdateCheck = 1600;
				LastUpgradeCheck = 1600;
				TargetAttributes = {
					17762F5E2E30A957003F2E53 = {
						CreatedOnToolsVersion = 16.0;
					};
					17762F6F2E30A958003F2E53 = {
						CreatedOnToolsVersion = 16.0;
						TestTargetID = 17762F5E2E30A957003F2E53;
					};
					17762F792E30A958003F2E53 = {
						CreatedOnToolsVersion = 16.0;
						TestTargetID = 17762F5E2E30A957003F2E53;
					};
				};
			};
			buildConfigurationList = 17762F5A2E30A957003F2E53 /* Build configuration list for PBXProject "TodaysCommit" */;
			developmentRegion = en;
			hasScannedForEncodings = 0;
			knownRegions = (
				en,
				Base,
			);
			mainGroup = 17762F562E30A957003F2E53;
			minimizedProjectReferenceProxies = 1;
			packageReferences = (
				1735D4092E38F3D5008D2406 /* XCRemoteSwiftPackageReference "kakao-ios-sdk" */,
			);
			preferredProjectObjectVersion = 77;
			productRefGroup = 17762F602E30A957003F2E53 /* Products */;
			projectDirPath = "";
			projectRoot = "";
			targets = (
				17762F5E2E30A957003F2E53 /* TodaysCommit */,
				17762F6F2E30A958003F2E53 /* TodaysCommitTests */,
				17762F792E30A958003F2E53 /* TodaysCommitUITests */,
			);
		};
/* End PBXProject section */

/* Begin PBXResourcesBuildPhase section */
		17762F5D2E30A957003F2E53 /* Resources */ = {
			isa = PBXResourcesBuildPhase;
			buildActionMask = 2147483647;
			files = (
			);
			runOnlyForDeploymentPostprocessing = 0;
		};
		17762F6E2E30A958003F2E53 /* Resources */ = {
			isa = PBXResourcesBuildPhase;
			buildActionMask = 2147483647;
			files = (
			);
			runOnlyForDeploymentPostprocessing = 0;
		};
		17762F782E30A958003F2E53 /* Resources */ = {
			isa = PBXResourcesBuildPhase;
			buildActionMask = 2147483647;
			files = (
			);
			runOnlyForDeploymentPostprocessing = 0;
		};
/* End PBXResourcesBuildPhase section */

/* Begin PBXShellScriptBuildPhase section */
		179E7F4A2E30AE3A0006D6DE /* SwiftLint */ = {
			isa = PBXShellScriptBuildPhase;
			alwaysOutOfDate = 1;
			buildActionMask = 2147483647;
			files = (
			);
			inputFileListPaths = (
			);
			inputPaths = (
			);
			name = SwiftLint;
			outputFileListPaths = (
			);
			outputPaths = (
			);
			runOnlyForDeploymentPostprocessing = 0;
			shellPath = /bin/sh;
			shellScript = "# Type a script or drag a script file from your workspace to insert its path.\nif [ -x \"/opt/homebrew/bin/swiftlint\" ]; then\n    echo \"Running SwiftLint...\"\n    /opt/homebrew/bin/swiftlint lint --fix --no-cache || true\n    /opt/homebrew/bin/swiftlint lint || true\nelse\n    echo \"warning: SwiftLint not installed, install with 'brew install swiftlint'\"\nfi\n";
		};
		179E7F4B2E30AEDD0006D6DE /* SwiftFromat */ = {
			isa = PBXShellScriptBuildPhase;
			alwaysOutOfDate = 1;
			buildActionMask = 2147483647;
			files = (
			);
			inputFileListPaths = (
			);
			inputPaths = (
			);
			name = SwiftFromat;
			outputFileListPaths = (
			);
			outputPaths = (
			);
			runOnlyForDeploymentPostprocessing = 0;
			shellPath = /bin/sh;
			shellScript = "# Type a script or drag a script file from your workspace to insert its path.\nexport PATH=\"$PATH:/opt/homebrew/bin\"\nif which swiftformat > /dev/null; then\n  swiftformat .\nelse\n  echo \"warning: SwiftFormat not installed, download from https://github.com/nicklockwood/SwiftFormat\"\nfi\n";
		};
		2279331D1F3893708D09F348 /* [CP] Copy Pods Resources */ = {
			isa = PBXShellScriptBuildPhase;
			buildActionMask = 2147483647;
			files = (
			);
			inputFileListPaths = (
				"${PODS_ROOT}/Target Support Files/Pods-TodaysCommit/Pods-TodaysCommit-resources-${CONFIGURATION}-input-files.xcfilelist",
			);
			name = "[CP] Copy Pods Resources";
			outputFileListPaths = (
				"${PODS_ROOT}/Target Support Files/Pods-TodaysCommit/Pods-TodaysCommit-resources-${CONFIGURATION}-output-files.xcfilelist",
			);
			runOnlyForDeploymentPostprocessing = 0;
			shellPath = /bin/sh;
			shellScript = "\"${PODS_ROOT}/Target Support Files/Pods-TodaysCommit/Pods-TodaysCommit-resources.sh\"\n";
			showEnvVarsInLog = 0;
		};
		3EF75DE1DAD6B9E4ABB4101F /* [CP] Check Pods Manifest.lock */ = {
			isa = PBXShellScriptBuildPhase;
			buildActionMask = 2147483647;
			files = (
			);
			inputFileListPaths = (
			);
			inputPaths = (
				"${PODS_PODFILE_DIR_PATH}/Podfile.lock",
				"${PODS_ROOT}/Manifest.lock",
			);
			name = "[CP] Check Pods Manifest.lock";
			outputFileListPaths = (
			);
			outputPaths = (
				"$(DERIVED_FILE_DIR)/Pods-TodaysCommit-TodaysCommitUITests-checkManifestLockResult.txt",
			);
			runOnlyForDeploymentPostprocessing = 0;
			shellPath = /bin/sh;
			shellScript = "diff \"${PODS_PODFILE_DIR_PATH}/Podfile.lock\" \"${PODS_ROOT}/Manifest.lock\" > /dev/null\nif [ $? != 0 ] ; then\n    # print error to STDERR\n    echo \"error: The sandbox is not in sync with the Podfile.lock. Run 'pod install' or update your CocoaPods installation.\" >&2\n    exit 1\nfi\n# This output is used by Xcode 'outputs' to avoid re-running this script phase.\necho \"SUCCESS\" > \"${SCRIPT_OUTPUT_FILE_0}\"\n";
			showEnvVarsInLog = 0;
		};
		40C2278EA9C8BB9CD44A76B0 /* [CP] Embed Pods Frameworks */ = {
			isa = PBXShellScriptBuildPhase;
			buildActionMask = 2147483647;
			files = (
			);
			inputFileListPaths = (
				"${PODS_ROOT}/Target Support Files/Pods-TodaysCommit/Pods-TodaysCommit-frameworks-${CONFIGURATION}-input-files.xcfilelist",
			);
			name = "[CP] Embed Pods Frameworks";
			outputFileListPaths = (
				"${PODS_ROOT}/Target Support Files/Pods-TodaysCommit/Pods-TodaysCommit-frameworks-${CONFIGURATION}-output-files.xcfilelist",
			);
			runOnlyForDeploymentPostprocessing = 0;
			shellPath = /bin/sh;
			shellScript = "\"${PODS_ROOT}/Target Support Files/Pods-TodaysCommit/Pods-TodaysCommit-frameworks.sh\"\n";
			showEnvVarsInLog = 0;
		};
		4D0F23B8CF45DE2D05AAB3B3 /* [CP] Embed Pods Frameworks */ = {
			isa = PBXShellScriptBuildPhase;
			buildActionMask = 2147483647;
			files = (
			);
			inputFileListPaths = (
				"${PODS_ROOT}/Target Support Files/Pods-TodaysCommit-TodaysCommitUITests/Pods-TodaysCommit-TodaysCommitUITests-frameworks-${CONFIGURATION}-input-files.xcfilelist",
			);
			name = "[CP] Embed Pods Frameworks";
			outputFileListPaths = (
				"${PODS_ROOT}/Target Support Files/Pods-TodaysCommit-TodaysCommitUITests/Pods-TodaysCommit-TodaysCommitUITests-frameworks-${CONFIGURATION}-output-files.xcfilelist",
			);
			runOnlyForDeploymentPostprocessing = 0;
			shellPath = /bin/sh;
			shellScript = "\"${PODS_ROOT}/Target Support Files/Pods-TodaysCommit-TodaysCommitUITests/Pods-TodaysCommit-TodaysCommitUITests-frameworks.sh\"\n";
			showEnvVarsInLog = 0;
		};
		9B5D916BEBD88299AFB746D5 /* [CP] Check Pods Manifest.lock */ = {
			isa = PBXShellScriptBuildPhase;
			buildActionMask = 2147483647;
			files = (
			);
			inputFileListPaths = (
			);
			inputPaths = (
				"${PODS_PODFILE_DIR_PATH}/Podfile.lock",
				"${PODS_ROOT}/Manifest.lock",
			);
			name = "[CP] Check Pods Manifest.lock";
			outputFileListPaths = (
			);
			outputPaths = (
				"$(DERIVED_FILE_DIR)/Pods-TodaysCommit-checkManifestLockResult.txt",
			);
			runOnlyForDeploymentPostprocessing = 0;
			shellPath = /bin/sh;
			shellScript = "diff \"${PODS_PODFILE_DIR_PATH}/Podfile.lock\" \"${PODS_ROOT}/Manifest.lock\" > /dev/null\nif [ $? != 0 ] ; then\n    # print error to STDERR\n    echo \"error: The sandbox is not in sync with the Podfile.lock. Run 'pod install' or update your CocoaPods installation.\" >&2\n    exit 1\nfi\n# This output is used by Xcode 'outputs' to avoid re-running this script phase.\necho \"SUCCESS\" > \"${SCRIPT_OUTPUT_FILE_0}\"\n";
			showEnvVarsInLog = 0;
		};
		EFBC8198A2DD069E1DA13702 /* [CP] Copy Pods Resources */ = {
			isa = PBXShellScriptBuildPhase;
			buildActionMask = 2147483647;
			files = (
			);
			inputFileListPaths = (
				"${PODS_ROOT}/Target Support Files/Pods-TodaysCommit-TodaysCommitUITests/Pods-TodaysCommit-TodaysCommitUITests-resources-${CONFIGURATION}-input-files.xcfilelist",
			);
			name = "[CP] Copy Pods Resources";
			outputFileListPaths = (
				"${PODS_ROOT}/Target Support Files/Pods-TodaysCommit-TodaysCommitUITests/Pods-TodaysCommit-TodaysCommitUITests-resources-${CONFIGURATION}-output-files.xcfilelist",
			);
			runOnlyForDeploymentPostprocessing = 0;
			shellPath = /bin/sh;
			shellScript = "\"${PODS_ROOT}/Target Support Files/Pods-TodaysCommit-TodaysCommitUITests/Pods-TodaysCommit-TodaysCommitUITests-resources.sh\"\n";
			showEnvVarsInLog = 0;
		};
		FCDB4DA61CDC2E28150D3B07 /* [CP] Check Pods Manifest.lock */ = {
			isa = PBXShellScriptBuildPhase;
			buildActionMask = 2147483647;
			files = (
			);
			inputFileListPaths = (
			);
			inputPaths = (
				"${PODS_PODFILE_DIR_PATH}/Podfile.lock",
				"${PODS_ROOT}/Manifest.lock",
			);
			name = "[CP] Check Pods Manifest.lock";
			outputFileListPaths = (
			);
			outputPaths = (
				"$(DERIVED_FILE_DIR)/Pods-TodaysCommitTests-checkManifestLockResult.txt",
			);
			runOnlyForDeploymentPostprocessing = 0;
			shellPath = /bin/sh;
			shellScript = "diff \"${PODS_PODFILE_DIR_PATH}/Podfile.lock\" \"${PODS_ROOT}/Manifest.lock\" > /dev/null\nif [ $? != 0 ] ; then\n    # print error to STDERR\n    echo \"error: The sandbox is not in sync with the Podfile.lock. Run 'pod install' or update your CocoaPods installation.\" >&2\n    exit 1\nfi\n# This output is used by Xcode 'outputs' to avoid re-running this script phase.\necho \"SUCCESS\" > \"${SCRIPT_OUTPUT_FILE_0}\"\n";
			showEnvVarsInLog = 0;
		};
/* End PBXShellScriptBuildPhase section */

/* Begin PBXSourcesBuildPhase section */
		17762F5B2E30A957003F2E53 /* Sources */ = {
			isa = PBXSourcesBuildPhase;
			buildActionMask = 2147483647;
			files = (
			);
			runOnlyForDeploymentPostprocessing = 0;
		};
		17762F6C2E30A958003F2E53 /* Sources */ = {
			isa = PBXSourcesBuildPhase;
			buildActionMask = 2147483647;
			files = (
			);
			runOnlyForDeploymentPostprocessing = 0;
		};
		17762F762E30A958003F2E53 /* Sources */ = {
			isa = PBXSourcesBuildPhase;
			buildActionMask = 2147483647;
			files = (
			);
			runOnlyForDeploymentPostprocessing = 0;
		};
/* End PBXSourcesBuildPhase section */

/* Begin PBXTargetDependency section */
		17762F722E30A958003F2E53 /* PBXTargetDependency */ = {
			isa = PBXTargetDependency;
			target = 17762F5E2E30A957003F2E53 /* TodaysCommit */;
			targetProxy = 17762F712E30A958003F2E53 /* PBXContainerItemProxy */;
		};
		17762F7C2E30A958003F2E53 /* PBXTargetDependency */ = {
			isa = PBXTargetDependency;
			target = 17762F5E2E30A957003F2E53 /* TodaysCommit */;
			targetProxy = 17762F7B2E30A958003F2E53 /* PBXContainerItemProxy */;
		};
/* End PBXTargetDependency section */

/* Begin XCBuildConfiguration section */
		17762F822E30A959003F2E53 /* Debug */ = {
			isa = XCBuildConfiguration;
			baseConfigurationReferenceAnchor = 17762F612E30A957003F2E53 /* TodaysCommit */;
			baseConfigurationReferenceRelativePath = Service/Data/Config/Debug.xcconfig;
			buildSettings = {
				ALWAYS_SEARCH_USER_PATHS = NO;
				ASSETCATALOG_COMPILER_GENERATE_SWIFT_ASSET_SYMBOL_EXTENSIONS = YES;
				CLANG_ANALYZER_NONNULL = YES;
				CLANG_ANALYZER_NUMBER_OBJECT_CONVERSION = YES_AGGRESSIVE;
				CLANG_CXX_LANGUAGE_STANDARD = "gnu++20";
				CLANG_ENABLE_MODULES = YES;
				CLANG_ENABLE_OBJC_ARC = YES;
				CLANG_ENABLE_OBJC_WEAK = YES;
				CLANG_WARN_BLOCK_CAPTURE_AUTORELEASING = YES;
				CLANG_WARN_BOOL_CONVERSION = YES;
				CLANG_WARN_COMMA = YES;
				CLANG_WARN_CONSTANT_CONVERSION = YES;
				CLANG_WARN_DEPRECATED_OBJC_IMPLEMENTATIONS = YES;
				CLANG_WARN_DIRECT_OBJC_ISA_USAGE = YES_ERROR;
				CLANG_WARN_DOCUMENTATION_COMMENTS = YES;
				CLANG_WARN_EMPTY_BODY = YES;
				CLANG_WARN_ENUM_CONVERSION = YES;
				CLANG_WARN_INFINITE_RECURSION = YES;
				CLANG_WARN_INT_CONVERSION = YES;
				CLANG_WARN_NON_LITERAL_NULL_CONVERSION = YES;
				CLANG_WARN_OBJC_IMPLICIT_RETAIN_SELF = YES;
				CLANG_WARN_OBJC_LITERAL_CONVERSION = YES;
				CLANG_WARN_OBJC_ROOT_CLASS = YES_ERROR;
				CLANG_WARN_QUOTED_INCLUDE_IN_FRAMEWORK_HEADER = YES;
				CLANG_WARN_RANGE_LOOP_ANALYSIS = YES;
				CLANG_WARN_STRICT_PROTOTYPES = YES;
				CLANG_WARN_SUSPICIOUS_MOVE = YES;
				CLANG_WARN_UNGUARDED_AVAILABILITY = YES_AGGRESSIVE;
				CLANG_WARN_UNREACHABLE_CODE = YES;
				CLANG_WARN__DUPLICATE_METHOD_MATCH = YES;
				COPY_PHASE_STRIP = NO;
				DEBUG_INFORMATION_FORMAT = dwarf;
				ENABLE_STRICT_OBJC_MSGSEND = YES;
				ENABLE_TESTABILITY = YES;
				ENABLE_USER_SCRIPT_SANDBOXING = YES;
				GCC_C_LANGUAGE_STANDARD = gnu17;
				GCC_DYNAMIC_NO_PIC = NO;
				GCC_NO_COMMON_BLOCKS = YES;
				GCC_OPTIMIZATION_LEVEL = 0;
				GCC_PREPROCESSOR_DEFINITIONS = (
					"DEBUG=1",
					"$(inherited)",
				);
				GCC_WARN_64_TO_32_BIT_CONVERSION = YES;
				GCC_WARN_ABOUT_RETURN_TYPE = YES_ERROR;
				GCC_WARN_UNDECLARED_SELECTOR = YES;
				GCC_WARN_UNINITIALIZED_AUTOS = YES_AGGRESSIVE;
				GCC_WARN_UNUSED_FUNCTION = YES;
				GCC_WARN_UNUSED_VARIABLE = YES;
				LOCALIZATION_PREFERS_STRING_CATALOGS = YES;
				MTL_ENABLE_DEBUG_INFO = INCLUDE_SOURCE;
				MTL_FAST_MATH = YES;
				ONLY_ACTIVE_ARCH = YES;
				SWIFT_ACTIVE_COMPILATION_CONDITIONS = "DEBUG $(inherited)";
				SWIFT_OPTIMIZATION_LEVEL = "-Onone";
			};
			name = Debug;
		};
		17762F832E30A959003F2E53 /* Release */ = {
			isa = XCBuildConfiguration;
			baseConfigurationReferenceAnchor = 17762F612E30A957003F2E53 /* TodaysCommit */;
			baseConfigurationReferenceRelativePath = Service/Data/Config/Release.xcconfig;
			buildSettings = {
				ALWAYS_SEARCH_USER_PATHS = NO;
				ASSETCATALOG_COMPILER_GENERATE_SWIFT_ASSET_SYMBOL_EXTENSIONS = YES;
				CLANG_ANALYZER_NONNULL = YES;
				CLANG_ANALYZER_NUMBER_OBJECT_CONVERSION = YES_AGGRESSIVE;
				CLANG_CXX_LANGUAGE_STANDARD = "gnu++20";
				CLANG_ENABLE_MODULES = YES;
				CLANG_ENABLE_OBJC_ARC = YES;
				CLANG_ENABLE_OBJC_WEAK = YES;
				CLANG_WARN_BLOCK_CAPTURE_AUTORELEASING = YES;
				CLANG_WARN_BOOL_CONVERSION = YES;
				CLANG_WARN_COMMA = YES;
				CLANG_WARN_CONSTANT_CONVERSION = YES;
				CLANG_WARN_DEPRECATED_OBJC_IMPLEMENTATIONS = YES;
				CLANG_WARN_DIRECT_OBJC_ISA_USAGE = YES_ERROR;
				CLANG_WARN_DOCUMENTATION_COMMENTS = YES;
				CLANG_WARN_EMPTY_BODY = YES;
				CLANG_WARN_ENUM_CONVERSION = YES;
				CLANG_WARN_INFINITE_RECURSION = YES;
				CLANG_WARN_INT_CONVERSION = YES;
				CLANG_WARN_NON_LITERAL_NULL_CONVERSION = YES;
				CLANG_WARN_OBJC_IMPLICIT_RETAIN_SELF = YES;
				CLANG_WARN_OBJC_LITERAL_CONVERSION = YES;
				CLANG_WARN_OBJC_ROOT_CLASS = YES_ERROR;
				CLANG_WARN_QUOTED_INCLUDE_IN_FRAMEWORK_HEADER = YES;
				CLANG_WARN_RANGE_LOOP_ANALYSIS = YES;
				CLANG_WARN_STRICT_PROTOTYPES = YES;
				CLANG_WARN_SUSPICIOUS_MOVE = YES;
				CLANG_WARN_UNGUARDED_AVAILABILITY = YES_AGGRESSIVE;
				CLANG_WARN_UNREACHABLE_CODE = YES;
				CLANG_WARN__DUPLICATE_METHOD_MATCH = YES;
				COPY_PHASE_STRIP = NO;
				DEBUG_INFORMATION_FORMAT = "dwarf-with-dsym";
				ENABLE_NS_ASSERTIONS = NO;
				ENABLE_STRICT_OBJC_MSGSEND = YES;
				ENABLE_USER_SCRIPT_SANDBOXING = YES;
				GCC_C_LANGUAGE_STANDARD = gnu17;
				GCC_NO_COMMON_BLOCKS = YES;
				GCC_WARN_64_TO_32_BIT_CONVERSION = YES;
				GCC_WARN_ABOUT_RETURN_TYPE = YES_ERROR;
				GCC_WARN_UNDECLARED_SELECTOR = YES;
				GCC_WARN_UNINITIALIZED_AUTOS = YES_AGGRESSIVE;
				GCC_WARN_UNUSED_FUNCTION = YES;
				GCC_WARN_UNUSED_VARIABLE = YES;
				LOCALIZATION_PREFERS_STRING_CATALOGS = YES;
				MTL_ENABLE_DEBUG_INFO = NO;
				MTL_FAST_MATH = YES;
				SWIFT_COMPILATION_MODE = wholemodule;
			};
			name = Release;
		};
		17762F852E30A959003F2E53 /* Debug */ = {
			isa = XCBuildConfiguration;
			baseConfigurationReference = E6A4767EC4A7F754909AD069 /* Pods-TodaysCommit.debug.xcconfig */;
			buildSettings = {
				ASSETCATALOG_COMPILER_APPICON_NAME = AppIcon;
				ASSETCATALOG_COMPILER_GLOBAL_ACCENT_COLOR_NAME = AccentColor;
				CODE_SIGN_ENTITLEMENTS = TodaysCommit/TodaysCommit.entitlements;
				CODE_SIGN_STYLE = Automatic;
				CURRENT_PROJECT_VERSION = 1;
				DEVELOPMENT_ASSET_PATHS = "\"TodaysCommit/Preview Content\"";
				DEVELOPMENT_TEAM = 6AW4DY5F93;
				ENABLE_HARDENED_RUNTIME = YES;
				ENABLE_PREVIEWS = YES;
				ENABLE_USER_SCRIPT_SANDBOXING = NO;
				GENERATE_INFOPLIST_FILE = NO;
				INFOPLIST_FILE = /Users/kimgahee/Desktop/todays_commit/TodaysCommit/info.plist;
				"INFOPLIST_KEY_UIApplicationSceneManifest_Generation[sdk=iphoneos*]" = YES;
				"INFOPLIST_KEY_UIApplicationSceneManifest_Generation[sdk=iphonesimulator*]" = YES;
				"INFOPLIST_KEY_UIApplicationSupportsIndirectInputEvents[sdk=iphoneos*]" = YES;
				"INFOPLIST_KEY_UIApplicationSupportsIndirectInputEvents[sdk=iphonesimulator*]" = YES;
				"INFOPLIST_KEY_UILaunchScreen_Generation[sdk=iphoneos*]" = YES;
				"INFOPLIST_KEY_UILaunchScreen_Generation[sdk=iphonesimulator*]" = YES;
				"INFOPLIST_KEY_UIStatusBarStyle[sdk=iphoneos*]" = UIStatusBarStyleDefault;
				"INFOPLIST_KEY_UIStatusBarStyle[sdk=iphonesimulator*]" = UIStatusBarStyleDefault;
				INFOPLIST_KEY_UISupportedInterfaceOrientations_iPad = "UIInterfaceOrientationPortrait UIInterfaceOrientationPortraitUpsideDown UIInterfaceOrientationLandscapeLeft UIInterfaceOrientationLandscapeRight";
				INFOPLIST_KEY_UISupportedInterfaceOrientations_iPhone = "UIInterfaceOrientationPortrait UIInterfaceOrientationLandscapeLeft UIInterfaceOrientationLandscapeRight";
				IPHONEOS_DEPLOYMENT_TARGET = 18.0;
				LD_RUNPATH_SEARCH_PATHS = (
					"$(inherited)",
					"@executable_path/Frameworks",
				);
				"LD_RUNPATH_SEARCH_PATHS[sdk=macosx*]" = (
					"$(inherited)",
					"@executable_path/../Frameworks",
				);
				MACOSX_DEPLOYMENT_TARGET = 15.0;
				MARKETING_VERSION = 1.0;
				PRODUCT_BUNDLE_IDENTIFIER = com.todayscommit.TodaysCommit;
				PRODUCT_NAME = "$(TARGET_NAME)";
				SDKROOT = iphoneos;
				SUPPORTED_PLATFORMS = "iphoneos iphonesimulator";
				SUPPORTS_MACCATALYST = NO;
				SWIFT_EMIT_LOC_STRINGS = YES;
				SWIFT_VERSION = 5.0;
				TARGETED_DEVICE_FAMILY = "1,2";
				XROS_DEPLOYMENT_TARGET = 2.0;
			};
			name = Debug;
		};
		17762F862E30A959003F2E53 /* Release */ = {
			isa = XCBuildConfiguration;
			baseConfigurationReference = 46F5C3D9C116DD3109E55710 /* Pods-TodaysCommit.release.xcconfig */;
			buildSettings = {
				ASSETCATALOG_COMPILER_APPICON_NAME = AppIcon;
				ASSETCATALOG_COMPILER_GLOBAL_ACCENT_COLOR_NAME = AccentColor;
				CODE_SIGN_ENTITLEMENTS = TodaysCommit/TodaysCommit.entitlements;
				CODE_SIGN_STYLE = Automatic;
				CURRENT_PROJECT_VERSION = 1;
				DEVELOPMENT_ASSET_PATHS = "\"TodaysCommit/Preview Content\"";
				DEVELOPMENT_TEAM = 6AW4DY5F93;
				ENABLE_HARDENED_RUNTIME = YES;
				ENABLE_PREVIEWS = YES;
				ENABLE_USER_SCRIPT_SANDBOXING = NO;
				GENERATE_INFOPLIST_FILE = NO;
				INFOPLIST_FILE = /Users/kimgahee/Desktop/todays_commit/TodaysCommit/info.plist;
				"INFOPLIST_KEY_UIApplicationSceneManifest_Generation[sdk=iphoneos*]" = YES;
				"INFOPLIST_KEY_UIApplicationSceneManifest_Generation[sdk=iphonesimulator*]" = YES;
				"INFOPLIST_KEY_UIApplicationSupportsIndirectInputEvents[sdk=iphoneos*]" = YES;
				"INFOPLIST_KEY_UIApplicationSupportsIndirectInputEvents[sdk=iphonesimulator*]" = YES;
				"INFOPLIST_KEY_UILaunchScreen_Generation[sdk=iphoneos*]" = YES;
				"INFOPLIST_KEY_UILaunchScreen_Generation[sdk=iphonesimulator*]" = YES;
				"INFOPLIST_KEY_UIStatusBarStyle[sdk=iphoneos*]" = UIStatusBarStyleDefault;
				"INFOPLIST_KEY_UIStatusBarStyle[sdk=iphonesimulator*]" = UIStatusBarStyleDefault;
				INFOPLIST_KEY_UISupportedInterfaceOrientations_iPad = "UIInterfaceOrientationPortrait UIInterfaceOrientationPortraitUpsideDown UIInterfaceOrientationLandscapeLeft UIInterfaceOrientationLandscapeRight";
				INFOPLIST_KEY_UISupportedInterfaceOrientations_iPhone = "UIInterfaceOrientationPortrait UIInterfaceOrientationLandscapeLeft UIInterfaceOrientationLandscapeRight";
				IPHONEOS_DEPLOYMENT_TARGET = 18.0;
				LD_RUNPATH_SEARCH_PATHS = "@executable_path/Frameworks";
				"LD_RUNPATH_SEARCH_PATHS[sdk=macosx*]" = "@executable_path/../Frameworks";
				MACOSX_DEPLOYMENT_TARGET = 15.0;
				MARKETING_VERSION = 1.0;
				PRODUCT_BUNDLE_IDENTIFIER = com.todayscommit.TodaysCommit;
				PRODUCT_NAME = "$(TARGET_NAME)";
				SDKROOT = iphoneos;
				SUPPORTED_PLATFORMS = "iphoneos iphonesimulator";
				SUPPORTS_MACCATALYST = NO;
				SWIFT_EMIT_LOC_STRINGS = YES;
				SWIFT_VERSION = 5.0;
				TARGETED_DEVICE_FAMILY = "1,2";
				XROS_DEPLOYMENT_TARGET = 2.0;
			};
			name = Release;
		};
		17762F882E30A959003F2E53 /* Debug */ = {
			isa = XCBuildConfiguration;
			baseConfigurationReference = 97FA70D8BE89981813056FDD /* Pods-TodaysCommitTests.debug.xcconfig */;
			buildSettings = {
				BUNDLE_LOADER = "$(TEST_HOST)";
				CODE_SIGN_STYLE = Automatic;
				CURRENT_PROJECT_VERSION = 1;
				DEVELOPMENT_TEAM = 2HNBLF5997;
				GENERATE_INFOPLIST_FILE = YES;
				IPHONEOS_DEPLOYMENT_TARGET = 18.0;
				MACOSX_DEPLOYMENT_TARGET = 15.0;
				MARKETING_VERSION = 1.0;
				PRODUCT_BUNDLE_IDENTIFIER = com.todayscommit.TodaysCommit.TodaysCommitTests;
				PRODUCT_NAME = "$(TARGET_NAME)";
				SDKROOT = auto;
				SUPPORTED_PLATFORMS = "iphoneos iphonesimulator macosx xros xrsimulator";
				SWIFT_EMIT_LOC_STRINGS = NO;
				SWIFT_VERSION = 5.0;
				TARGETED_DEVICE_FAMILY = "1,2,7";
				TEST_HOST = "$(BUILT_PRODUCTS_DIR)/TodaysCommit.app/$(BUNDLE_EXECUTABLE_FOLDER_PATH)/TodaysCommit";
				XROS_DEPLOYMENT_TARGET = 2.0;
			};
			name = Debug;
		};
		17762F892E30A959003F2E53 /* Release */ = {
			isa = XCBuildConfiguration;
			baseConfigurationReference = 4277464459C88ACBC723A504 /* Pods-TodaysCommitTests.release.xcconfig */;
			buildSettings = {
				BUNDLE_LOADER = "$(TEST_HOST)";
				CODE_SIGN_STYLE = Automatic;
				CURRENT_PROJECT_VERSION = 1;
				DEVELOPMENT_TEAM = 2HNBLF5997;
				GENERATE_INFOPLIST_FILE = YES;
				IPHONEOS_DEPLOYMENT_TARGET = 18.0;
				MACOSX_DEPLOYMENT_TARGET = 15.0;
				MARKETING_VERSION = 1.0;
				PRODUCT_BUNDLE_IDENTIFIER = com.todayscommit.TodaysCommit.TodaysCommitTests;
				PRODUCT_NAME = "$(TARGET_NAME)";
				SDKROOT = auto;
				SUPPORTED_PLATFORMS = "iphoneos iphonesimulator macosx xros xrsimulator";
				SWIFT_EMIT_LOC_STRINGS = NO;
				SWIFT_VERSION = 5.0;
				TARGETED_DEVICE_FAMILY = "1,2,7";
				TEST_HOST = "$(BUILT_PRODUCTS_DIR)/TodaysCommit.app/$(BUNDLE_EXECUTABLE_FOLDER_PATH)/TodaysCommit";
				XROS_DEPLOYMENT_TARGET = 2.0;
			};
			name = Release;
		};
		17762F8B2E30A959003F2E53 /* Debug */ = {
			isa = XCBuildConfiguration;
			baseConfigurationReference = B0E4533E94CA6DB9FCBAB884 /* Pods-TodaysCommit-TodaysCommitUITests.debug.xcconfig */;
			buildSettings = {
				CODE_SIGN_STYLE = Automatic;
				CURRENT_PROJECT_VERSION = 1;
				DEVELOPMENT_TEAM = 2HNBLF5997;
				GENERATE_INFOPLIST_FILE = YES;
				IPHONEOS_DEPLOYMENT_TARGET = 18.0;
				MACOSX_DEPLOYMENT_TARGET = 15.0;
				MARKETING_VERSION = 1.0;
				PRODUCT_BUNDLE_IDENTIFIER = com.todayscommit.TodaysCommit.TodaysCommitUITests;
				PRODUCT_NAME = "$(TARGET_NAME)";
				SDKROOT = auto;
				SUPPORTED_PLATFORMS = "iphoneos iphonesimulator macosx xros xrsimulator";
				SWIFT_EMIT_LOC_STRINGS = NO;
				SWIFT_VERSION = 5.0;
				TARGETED_DEVICE_FAMILY = "1,2,7";
				TEST_TARGET_NAME = TodaysCommit;
				XROS_DEPLOYMENT_TARGET = 2.0;
			};
			name = Debug;
		};
		17762F8C2E30A959003F2E53 /* Release */ = {
			isa = XCBuildConfiguration;
			baseConfigurationReference = 636D00F4998B5AE9E243961E /* Pods-TodaysCommit-TodaysCommitUITests.release.xcconfig */;
			buildSettings = {
				CODE_SIGN_STYLE = Automatic;
				CURRENT_PROJECT_VERSION = 1;
				DEVELOPMENT_TEAM = 2HNBLF5997;
				GENERATE_INFOPLIST_FILE = YES;
				IPHONEOS_DEPLOYMENT_TARGET = 18.0;
				MACOSX_DEPLOYMENT_TARGET = 15.0;
				MARKETING_VERSION = 1.0;
				PRODUCT_BUNDLE_IDENTIFIER = com.todayscommit.TodaysCommit.TodaysCommitUITests;
				PRODUCT_NAME = "$(TARGET_NAME)";
				SDKROOT = auto;
				SUPPORTED_PLATFORMS = "iphoneos iphonesimulator macosx xros xrsimulator";
				SWIFT_EMIT_LOC_STRINGS = NO;
				SWIFT_VERSION = 5.0;
				TARGETED_DEVICE_FAMILY = "1,2,7";
				TEST_TARGET_NAME = TodaysCommit;
				XROS_DEPLOYMENT_TARGET = 2.0;
			};
			name = Release;
		};
/* End XCBuildConfiguration section */

/* Begin XCConfigurationList section */
		17762F5A2E30A957003F2E53 /* Build configuration list for PBXProject "TodaysCommit" */ = {
			isa = XCConfigurationList;
			buildConfigurations = (
				17762F822E30A959003F2E53 /* Debug */,
				17762F832E30A959003F2E53 /* Release */,
			);
			defaultConfigurationIsVisible = 0;
			defaultConfigurationName = Release;
		};
		17762F842E30A959003F2E53 /* Build configuration list for PBXNativeTarget "TodaysCommit" */ = {
			isa = XCConfigurationList;
			buildConfigurations = (
				17762F852E30A959003F2E53 /* Debug */,
				17762F862E30A959003F2E53 /* Release */,
			);
			defaultConfigurationIsVisible = 0;
			defaultConfigurationName = Release;
		};
		17762F872E30A959003F2E53 /* Build configuration list for PBXNativeTarget "TodaysCommitTests" */ = {
			isa = XCConfigurationList;
			buildConfigurations = (
				17762F882E30A959003F2E53 /* Debug */,
				17762F892E30A959003F2E53 /* Release */,
			);
			defaultConfigurationIsVisible = 0;
			defaultConfigurationName = Release;
		};
		17762F8A2E30A959003F2E53 /* Build configuration list for PBXNativeTarget "TodaysCommitUITests" */ = {
			isa = XCConfigurationList;
			buildConfigurations = (
				17762F8B2E30A959003F2E53 /* Debug */,
				17762F8C2E30A959003F2E53 /* Release */,
			);
			defaultConfigurationIsVisible = 0;
			defaultConfigurationName = Release;
		};
/* End XCConfigurationList section */

/* Begin XCRemoteSwiftPackageReference section */
		1735D4092E38F3D5008D2406 /* XCRemoteSwiftPackageReference "kakao-ios-sdk" */ = {
			isa = XCRemoteSwiftPackageReference;
			repositoryURL = "https://github.com/kakao/kakao-ios-sdk";
			requirement = {
				branch = master;
				kind = branch;
			};
		};
/* End XCRemoteSwiftPackageReference section */

/* Begin XCSwiftPackageProductDependency section */
		1735D40A2E38F3D5008D2406 /* KakaoSDKAuth */ = {
			isa = XCSwiftPackageProductDependency;
			package = 1735D4092E38F3D5008D2406 /* XCRemoteSwiftPackageReference "kakao-ios-sdk" */;
			productName = KakaoSDKAuth;
		};
		1735D40C2E38F3D5008D2406 /* KakaoSDKCommon */ = {
			isa = XCSwiftPackageProductDependency;
			package = 1735D4092E38F3D5008D2406 /* XCRemoteSwiftPackageReference "kakao-ios-sdk" */;
			productName = KakaoSDKCommon;
		};
		1735D40E2E38F3D5008D2406 /* KakaoSDKUser */ = {
			isa = XCSwiftPackageProductDependency;
			package = 1735D4092E38F3D5008D2406 /* XCRemoteSwiftPackageReference "kakao-ios-sdk" */;
			productName = KakaoSDKUser;
		};
/* End XCSwiftPackageProductDependency section */
	};
	rootObject = 17762F572E30A957003F2E53 /* Project object */;
}
